
Microsoft Visual Studio Solution File, Format Version 12.00
# Visual Studio Version 16
VisualStudioVersion = 16.0.31515.178
MinimumVisualStudioVersion = 10.0.40219.1
Project("{FAE04EC0-301F-11D3-BF4B-00C04F79EFBC}") = "Shopzone", "Shopzone\Shopzone.csproj", "{5D66E44D-9099-44A0-B48E-491B1D142BA0}"
EndProject
Global
	GlobalSection(SolutionConfigurationPlatforms) = preSolution
		Debug|Any CPU = Debug|Any CPU
		Release|Any CPU = Release|Any CPU
	EndGlobalSection
	GlobalSection(ProjectConfigurationPlatforms) = postSolution
		{5D66E44D-9099-44A0-B48E-491B1D142BA0}.Debug|Any CPU.ActiveCfg = Debug|Any CPU
		{5D66E44D-9099-44A0-B48E-491B1D142BA0}.Debug|Any CPU.Build.0 = Debug|Any CPU
		{5D66E44D-9099-44A0-B48E-491B1D142BA0}.Release|Any CPU.ActiveCfg = Release|Any CPU
		{5D66E44D-9099-44A0-B48E-491B1D142BA0}.Release|Any CPU.Build.0 = Release|Any CPU
	EndGlobalSection
	GlobalSection(SolutionProperties) = preSolution
		HideSolutionNode = FALSE
	EndGlobalSection
	GlobalSection(ExtensibilityGlobals) = postSolution
		SolutionGuid = {54BEA106-2A6D-41AC-A819-4A159E71C4D4}
	EndGlobalSection
EndGlobal
